
Microsoft Visual Studio Solution File, Format Version 12.00
# Visual Studio Version 17
VisualStudioVersion = 17.14.36310.24
MinimumVisualStudioVersion = 10.0.40219.1
Project("{FAE04EC0-301F-11D3-BF4B-00C04F79EFBC}") = "ImprovedPackagers", "ImprovedPackagers.csproj", "{F097D13A-A960-4505-8CA3-5AFCE2297AF2}"
EndProject
Global
	GlobalSection(SolutionConfigurationPlatforms) = preSolution
		Il2Cpp|Any CPU = Il2Cpp|Any CPU
		Il2Cpp|x64 = Il2Cpp|x64
		Mono|Any CPU = Mono|Any CPU
		Mono|x64 = Mono|x64
	EndGlobalSection
	GlobalSection(ProjectConfigurationPlatforms) = postSolution
		{F097D13A-A960-4505-8CA3-5AFCE2297AF2}.Il2Cpp|Any CPU.ActiveCfg = Il2Cpp|Any CPU
		{F097D13A-A960-4505-8CA3-5AFCE2297AF2}.Il2Cpp|Any CPU.Build.0 = Il2Cpp|Any CPU
		{F097D13A-A960-4505-8CA3-5AFCE2297AF2}.Il2Cpp|x64.ActiveCfg = Il2Cpp|x64
		{F097D13A-A960-4505-8CA3-5AFCE2297AF2}.Il2Cpp|x64.Build.0 = Il2Cpp|x64
		{F097D13A-A960-4505-8CA3-5AFCE2297AF2}.Mono|Any CPU.ActiveCfg = Mono|Any CPU
		{F097D13A-A960-4505-8CA3-5AFCE2297AF2}.Mono|Any CPU.Build.0 = Mono|Any CPU
		{F097D13A-A960-4505-8CA3-5AFCE2297AF2}.Mono|x64.ActiveCfg = Mono|x64
		{F097D13A-A960-4505-8CA3-5AFCE2297AF2}.Mono|x64.Build.0 = Mono|x64
	EndGlobalSection
	GlobalSection(SolutionProperties) = preSolution
		HideSolutionNode = FALSE
	EndGlobalSection
	GlobalSection(ExtensibilityGlobals) = postSolution
		SolutionGuid = {1B49A6CB-AC4F-420D-870F-72429C22DD0A}
	EndGlobalSection
EndGlobal
